
Microsoft Visual Studio Solution File, Format Version 12.00
# Visual Studio Version 16
VisualStudioVersion = 16.0.29519.181
MinimumVisualStudioVersion = 10.0.40219.1
Project("{8BC9CEB8-8B4A-11D0-8D11-00A0C91BC942}") = "SLIC3DSuperVoxel", "SLIC3DSuperVoxel\SLIC3DSuperVoxel.vcxproj", "{4825BED6-C605-44F4-8D4B-34E8B0647FC3}"
EndProject
Project("{8BC9CEB8-8B4A-11D0-8D11-00A0C91BC942}") = "SuperVoxel2Histogram", "SuperVoxel2Histogram\SuperVoxel2Histogram.vcxproj", "{31D17910-2101-4F51-BCC5-776AE31F24A6}"
EndProject
Project("{8BC9CEB8-8B4A-11D0-8D11-00A0C91BC942}") = "VolumeGenerator", "VolumeGenerator\VolumeGenerator.vcxproj", "{BB1BFA47-ED6B-4375-A5A9-97F9043E2E08}"
EndProject
Project("{8BC9CEB8-8B4A-11D0-8D11-00A0C91BC942}") = "LabelSuperVoxelQt", "LabelSuperVoxelQt\LabelSuperVoxelQt.vcxproj", "{7D755A40-7BE5-4793-8C1F-EE47043314A7}"
EndProject
Global
	GlobalSection(SolutionConfigurationPlatforms) = preSolution
		Debug|x64 = Debug|x64
		Debug|x86 = Debug|x86
		Release|x64 = Release|x64
		Release|x86 = Release|x86
	EndGlobalSection
	GlobalSection(ProjectConfigurationPlatforms) = postSolution
		{4825BED6-C605-44F4-8D4B-34E8B0647FC3}.Debug|x64.ActiveCfg = Debug|x64
		{4825BED6-C605-44F4-8D4B-34E8B0647FC3}.Debug|x64.Build.0 = Debug|x64
		{4825BED6-C605-44F4-8D4B-34E8B0647FC3}.Debug|x86.ActiveCfg = Debug|Win32
		{4825BED6-C605-44F4-8D4B-34E8B0647FC3}.Debug|x86.Build.0 = Debug|Win32
		{4825BED6-C605-44F4-8D4B-34E8B0647FC3}.Release|x64.ActiveCfg = Release|x64
		{4825BED6-C605-44F4-8D4B-34E8B0647FC3}.Release|x64.Build.0 = Release|x64
		{4825BED6-C605-44F4-8D4B-34E8B0647FC3}.Release|x86.ActiveCfg = Release|Win32
		{4825BED6-C605-44F4-8D4B-34E8B0647FC3}.Release|x86.Build.0 = Release|Win32
		{31D17910-2101-4F51-BCC5-776AE31F24A6}.Debug|x64.ActiveCfg = Debug|x64
		{31D17910-2101-4F51-BCC5-776AE31F24A6}.Debug|x64.Build.0 = Debug|x64
		{31D17910-2101-4F51-BCC5-776AE31F24A6}.Debug|x86.ActiveCfg = Debug|Win32
		{31D17910-2101-4F51-BCC5-776AE31F24A6}.Debug|x86.Build.0 = Debug|Win32
		{31D17910-2101-4F51-BCC5-776AE31F24A6}.Release|x64.ActiveCfg = Release|x64
		{31D17910-2101-4F51-BCC5-776AE31F24A6}.Release|x64.Build.0 = Release|x64
		{31D17910-2101-4F51-BCC5-776AE31F24A6}.Release|x86.ActiveCfg = Release|Win32
		{31D17910-2101-4F51-BCC5-776AE31F24A6}.Release|x86.Build.0 = Release|Win32
		{BB1BFA47-ED6B-4375-A5A9-97F9043E2E08}.Debug|x64.ActiveCfg = Debug|x64
		{BB1BFA47-ED6B-4375-A5A9-97F9043E2E08}.Debug|x64.Build.0 = Debug|x64
		{BB1BFA47-ED6B-4375-A5A9-97F9043E2E08}.Debug|x86.ActiveCfg = Debug|Win32
		{BB1BFA47-ED6B-4375-A5A9-97F9043E2E08}.Debug|x86.Build.0 = Debug|Win32
		{BB1BFA47-ED6B-4375-A5A9-97F9043E2E08}.Release|x64.ActiveCfg = Release|x64
		{BB1BFA47-ED6B-4375-A5A9-97F9043E2E08}.Release|x64.Build.0 = Release|x64
		{BB1BFA47-ED6B-4375-A5A9-97F9043E2E08}.Release|x86.ActiveCfg = Release|Win32
		{BB1BFA47-ED6B-4375-A5A9-97F9043E2E08}.Release|x86.Build.0 = Release|Win32
		{7D755A40-7BE5-4793-8C1F-EE47043314A7}.Debug|x64.ActiveCfg = Debug|x64
		{7D755A40-7BE5-4793-8C1F-EE47043314A7}.Debug|x64.Build.0 = Debug|x64
		{7D755A40-7BE5-4793-8C1F-EE47043314A7}.Debug|x86.ActiveCfg = Debug|x64
		{7D755A40-7BE5-4793-8C1F-EE47043314A7}.Release|x64.ActiveCfg = Release|x64
		{7D755A40-7BE5-4793-8C1F-EE47043314A7}.Release|x64.Build.0 = Release|x64
		{7D755A40-7BE5-4793-8C1F-EE47043314A7}.Release|x86.ActiveCfg = Release|x64
	EndGlobalSection
	GlobalSection(SolutionProperties) = preSolution
		HideSolutionNode = FALSE
	EndGlobalSection
	GlobalSection(ExtensibilityGlobals) = postSolution
		SolutionGuid = {29EFF00A-B39E-4119-B81A-C7F2A576AB66}
	EndGlobalSection
EndGlobal
